
Microsoft Visual Studio Solution File, Format Version 12.00
# Visual Studio Version 17
VisualStudioVersion = 17.14.36511.14
MinimumVisualStudioVersion = 10.0.40219.1
Project("{2150E333-8FDC-42A3-9474-1A3956D46DE8}") = "ToDoList.Backend", "ToDoList.Backend", "{36D591C7-65C7-A0D1-1CBC-10CDE441BDC8}"
EndProject
Project("{2150E333-8FDC-42A3-9474-1A3956D46DE8}") = "ToDoList.Domain", "ToDoList.Domain", "{090EB3FF-EB6D-476F-8739-714C8F45EDFA}"
EndProject
Project("{2150E333-8FDC-42A3-9474-1A3956D46DE8}") = "ToDoList.Infrastructure", "ToDoList.Infrastructure", "{58FFA5E8-776E-4BC8-8F88-4D05D3735301}"
EndProject
Project("{2150E333-8FDC-42A3-9474-1A3956D46DE8}") = "ToDoList.WebAPI", "ToDoList.WebAPI", "{D132C6B6-AEEE-41E9-8217-3AD445126F73}"
EndProject
Project("{2150E333-8FDC-42A3-9474-1A3956D46DE8}") = "ToDoList.Tests", "ToDoList.Tests", "{455B9EFF-902B-4FA0-921F-384E2A85B3DE}"
EndProject
Project("{2150E333-8FDC-42A3-9474-1A3956D46DE8}") = "ToDoList.Application", "ToDoList.Application", "{3E5F362E-FD41-4D2C-B77B-79E86A393EF4}"
EndProject
Project("{FAE04EC0-301F-11D3-BF4B-00C04F79EFBC}") = "ToDoList.Domain.ToDo", "ToDoList.Domain\ToDoList.Domain.ToDo.csproj", "{43AEA73C-FFAE-4C98-B866-1C983C9F872D}"
EndProject
Project("{FAE04EC0-301F-11D3-BF4B-00C04F79EFBC}") = "ToDoList.Application", "ToDoList.Application\ToDoList.Application.csproj", "{0C4F7537-783E-45AF-8EBD-FB6BC6FA5593}"
EndProject
Project("{FAE04EC0-301F-11D3-BF4B-00C04F79EFBC}") = "ToDoList.Infrastructure", "ToDoList.Infrostructure\ToDoList.Infrastructure.csproj", "{8F8EB9D0-95A6-4E07-B643-4F0C1846A727}"
EndProject
Project("{FAE04EC0-301F-11D3-BF4B-00C04F79EFBC}") = "ToDoList.WebAPI", "ToDoList.WebAPI\ToDoList.WebAPI.csproj", "{D048C723-C395-4EF6-9C82-38FAD396AD32}"
EndProject
Global
	GlobalSection(SolutionConfigurationPlatforms) = preSolution
		Debug|Any CPU = Debug|Any CPU
		Release|Any CPU = Release|Any CPU
	EndGlobalSection
	GlobalSection(ProjectConfigurationPlatforms) = postSolution
		{43AEA73C-FFAE-4C98-B866-1C983C9F872D}.Debug|Any CPU.ActiveCfg = Debug|Any CPU
		{43AEA73C-FFAE-4C98-B866-1C983C9F872D}.Debug|Any CPU.Build.0 = Debug|Any CPU
		{43AEA73C-FFAE-4C98-B866-1C983C9F872D}.Release|Any CPU.ActiveCfg = Release|Any CPU
		{43AEA73C-FFAE-4C98-B866-1C983C9F872D}.Release|Any CPU.Build.0 = Release|Any CPU
		{0C4F7537-783E-45AF-8EBD-FB6BC6FA5593}.Debug|Any CPU.ActiveCfg = Debug|Any CPU
		{0C4F7537-783E-45AF-8EBD-FB6BC6FA5593}.Debug|Any CPU.Build.0 = Debug|Any CPU
		{0C4F7537-783E-45AF-8EBD-FB6BC6FA5593}.Release|Any CPU.ActiveCfg = Release|Any CPU
		{0C4F7537-783E-45AF-8EBD-FB6BC6FA5593}.Release|Any CPU.Build.0 = Release|Any CPU
		{8F8EB9D0-95A6-4E07-B643-4F0C1846A727}.Debug|Any CPU.ActiveCfg = Debug|Any CPU
		{8F8EB9D0-95A6-4E07-B643-4F0C1846A727}.Debug|Any CPU.Build.0 = Debug|Any CPU
		{8F8EB9D0-95A6-4E07-B643-4F0C1846A727}.Release|Any CPU.ActiveCfg = Release|Any CPU
		{8F8EB9D0-95A6-4E07-B643-4F0C1846A727}.Release|Any CPU.Build.0 = Release|Any CPU
		{D048C723-C395-4EF6-9C82-38FAD396AD32}.Debug|Any CPU.ActiveCfg = Debug|Any CPU
		{D048C723-C395-4EF6-9C82-38FAD396AD32}.Debug|Any CPU.Build.0 = Debug|Any CPU
		{D048C723-C395-4EF6-9C82-38FAD396AD32}.Release|Any CPU.ActiveCfg = Release|Any CPU
		{D048C723-C395-4EF6-9C82-38FAD396AD32}.Release|Any CPU.Build.0 = Release|Any CPU
	EndGlobalSection
	GlobalSection(SolutionProperties) = preSolution
		HideSolutionNode = FALSE
	EndGlobalSection
	GlobalSection(NestedProjects) = preSolution
		{090EB3FF-EB6D-476F-8739-714C8F45EDFA} = {36D591C7-65C7-A0D1-1CBC-10CDE441BDC8}
		{58FFA5E8-776E-4BC8-8F88-4D05D3735301} = {36D591C7-65C7-A0D1-1CBC-10CDE441BDC8}
		{D132C6B6-AEEE-41E9-8217-3AD445126F73} = {36D591C7-65C7-A0D1-1CBC-10CDE441BDC8}
		{455B9EFF-902B-4FA0-921F-384E2A85B3DE} = {36D591C7-65C7-A0D1-1CBC-10CDE441BDC8}
		{3E5F362E-FD41-4D2C-B77B-79E86A393EF4} = {36D591C7-65C7-A0D1-1CBC-10CDE441BDC8}
		{43AEA73C-FFAE-4C98-B866-1C983C9F872D} = {090EB3FF-EB6D-476F-8739-714C8F45EDFA}
		{0C4F7537-783E-45AF-8EBD-FB6BC6FA5593} = {3E5F362E-FD41-4D2C-B77B-79E86A393EF4}
		{8F8EB9D0-95A6-4E07-B643-4F0C1846A727} = {58FFA5E8-776E-4BC8-8F88-4D05D3735301}
		{D048C723-C395-4EF6-9C82-38FAD396AD32} = {D132C6B6-AEEE-41E9-8217-3AD445126F73}
	EndGlobalSection
	GlobalSection(ExtensibilityGlobals) = postSolution
		SolutionGuid = {BAA3AC02-EDD5-481D-8D0D-07F57F88B252}
	EndGlobalSection
EndGlobal
