
Microsoft Visual Studio Solution File, Format Version 12.00
# Visual Studio Version 17
VisualStudioVersion = 17.14.36511.14
MinimumVisualStudioVersion = 10.0.40219.1
Project("{2150E333-8FDC-42A3-9474-1A3956D46DE8}") = "ToDoList.Worker.Application", "ToDoList.Worker.Application", "{36D591C7-65C7-A0D1-1CBC-10CDE441BDC8}"
EndProject
Project("{2150E333-8FDC-42A3-9474-1A3956D46DE8}") = "ToDoList.Worker.Infrastructure", "ToDoList.Worker.Infrastructure", "{A089A5A1-2DCC-4FA5-9BB5-03ADA7537F74}"
EndProject
Project("{FAE04EC0-301F-11D3-BF4B-00C04F79EFBC}") = "ToDoList.Worker.Application", "ToDoList.Worker.Application\ToDoList.Worker.Application.csproj", "{B4951D4B-9958-4E94-AB50-B3BC08407195}"
EndProject
Project("{FAE04EC0-301F-11D3-BF4B-00C04F79EFBC}") = "ToDoList.Worker.Infrastructure", "ToDoList.Worker.Infrastructure\ToDoList.Worker.Infrastructure.csproj", "{5AF84D5E-CFF7-44F6-8E11-CABE576A5ECF}"
EndProject
Project("{2150E333-8FDC-42A3-9474-1A3956D46DE8}") = "ToDoList.Worker.WebAPI", "ToDoList.Worker.WebAPI", "{D832ABD9-6A6C-4AAC-9CF6-D4D2E5325538}"
EndProject
Project("{2150E333-8FDC-42A3-9474-1A3956D46DE8}") = "ToDoList.Worker.Domain", "ToDoList.Worker.Domain", "{49FA53A9-1A6D-4467-8312-AFFCCDC0B4F8}"
EndProject
Project("{FAE04EC0-301F-11D3-BF4B-00C04F79EFBC}") = "ToDoList.Worker.Domain", "ToDoList.Worker.Domain\ToDoList.Worker.Domain.csproj", "{A28E1D9E-2903-4676-9229-4B34BEB9B424}"
EndProject
Project("{2150E333-8FDC-42A3-9474-1A3956D46DE8}") = "ToDoList.Worker", "ToDoList.Worker", "{09BC5A77-A53C-42EB-9FDF-6BEE3C2FAA78}"
EndProject
Project("{FAE04EC0-301F-11D3-BF4B-00C04F79EFBC}") = "ToDoList.Worker.WebAPI", "ToDoList.Worker.WebAPI\ToDoList.Worker.WebAPI.csproj", "{B7E81146-03C9-4F17-5958-CABBC27B77B9}"
EndProject
Project("{FAE04EC0-301F-11D3-BF4B-00C04F79EFBC}") = "ToDoList.Worker", "ToDoList.Worker\ToDoList.Worker.csproj", "{352F2F50-DD70-458E-9314-73A6DBE214DE}"
EndProject
Global
	GlobalSection(SolutionConfigurationPlatforms) = preSolution
		Debug|Any CPU = Debug|Any CPU
		Release|Any CPU = Release|Any CPU
	EndGlobalSection
	GlobalSection(ProjectConfigurationPlatforms) = postSolution
		{B4951D4B-9958-4E94-AB50-B3BC08407195}.Debug|Any CPU.ActiveCfg = Debug|Any CPU
		{B4951D4B-9958-4E94-AB50-B3BC08407195}.Debug|Any CPU.Build.0 = Debug|Any CPU
		{B4951D4B-9958-4E94-AB50-B3BC08407195}.Release|Any CPU.ActiveCfg = Release|Any CPU
		{B4951D4B-9958-4E94-AB50-B3BC08407195}.Release|Any CPU.Build.0 = Release|Any CPU
		{5AF84D5E-CFF7-44F6-8E11-CABE576A5ECF}.Debug|Any CPU.ActiveCfg = Debug|Any CPU
		{5AF84D5E-CFF7-44F6-8E11-CABE576A5ECF}.Debug|Any CPU.Build.0 = Debug|Any CPU
		{5AF84D5E-CFF7-44F6-8E11-CABE576A5ECF}.Release|Any CPU.ActiveCfg = Release|Any CPU
		{5AF84D5E-CFF7-44F6-8E11-CABE576A5ECF}.Release|Any CPU.Build.0 = Release|Any CPU
		{A28E1D9E-2903-4676-9229-4B34BEB9B424}.Debug|Any CPU.ActiveCfg = Debug|Any CPU
		{A28E1D9E-2903-4676-9229-4B34BEB9B424}.Debug|Any CPU.Build.0 = Debug|Any CPU
		{A28E1D9E-2903-4676-9229-4B34BEB9B424}.Release|Any CPU.ActiveCfg = Release|Any CPU
		{A28E1D9E-2903-4676-9229-4B34BEB9B424}.Release|Any CPU.Build.0 = Release|Any CPU
		{B7E81146-03C9-4F17-5958-CABBC27B77B9}.Debug|Any CPU.ActiveCfg = Debug|Any CPU
		{B7E81146-03C9-4F17-5958-CABBC27B77B9}.Debug|Any CPU.Build.0 = Debug|Any CPU
		{B7E81146-03C9-4F17-5958-CABBC27B77B9}.Release|Any CPU.ActiveCfg = Release|Any CPU
		{B7E81146-03C9-4F17-5958-CABBC27B77B9}.Release|Any CPU.Build.0 = Release|Any CPU
		{352F2F50-DD70-458E-9314-73A6DBE214DE}.Debug|Any CPU.ActiveCfg = Debug|Any CPU
		{352F2F50-DD70-458E-9314-73A6DBE214DE}.Debug|Any CPU.Build.0 = Debug|Any CPU
		{352F2F50-DD70-458E-9314-73A6DBE214DE}.Release|Any CPU.ActiveCfg = Release|Any CPU
		{352F2F50-DD70-458E-9314-73A6DBE214DE}.Release|Any CPU.Build.0 = Release|Any CPU
	EndGlobalSection
	GlobalSection(SolutionProperties) = preSolution
		HideSolutionNode = FALSE
	EndGlobalSection
	GlobalSection(NestedProjects) = preSolution
		{B4951D4B-9958-4E94-AB50-B3BC08407195} = {36D591C7-65C7-A0D1-1CBC-10CDE441BDC8}
		{5AF84D5E-CFF7-44F6-8E11-CABE576A5ECF} = {A089A5A1-2DCC-4FA5-9BB5-03ADA7537F74}
		{A28E1D9E-2903-4676-9229-4B34BEB9B424} = {49FA53A9-1A6D-4467-8312-AFFCCDC0B4F8}
		{B7E81146-03C9-4F17-5958-CABBC27B77B9} = {D832ABD9-6A6C-4AAC-9CF6-D4D2E5325538}
		{352F2F50-DD70-458E-9314-73A6DBE214DE} = {09BC5A77-A53C-42EB-9FDF-6BEE3C2FAA78}
	EndGlobalSection
	GlobalSection(ExtensibilityGlobals) = postSolution
		SolutionGuid = {10E420A9-F0E0-44B6-87C9-624045C386F9}
	EndGlobalSection
EndGlobal
